
Microsoft Visual Studio Solution File, Format Version 12.00
Project("{FAE04EC0-301F-11D3-BF4B-00C04F79EFBC}") = "mastermind", "mastermind\mastermind.csproj", "{25E28BA0-789D-4824-ADED-A12DA34018D8}"
EndProject
Project("{FAE04EC0-301F-11D3-BF4B-00C04F79EFBC}") = "mastermindTest", "mastermindTest\mastermindTest.csproj", "{FE06963D-6D2B-4ADE-BA48-322ECBE1EDE0}"
EndProject
Global
	GlobalSection(SolutionConfigurationPlatforms) = preSolution
		Debug|Any CPU = Debug|Any CPU
		Release|Any CPU = Release|Any CPU
	EndGlobalSection
	GlobalSection(ProjectConfigurationPlatforms) = postSolution
		{25E28BA0-789D-4824-ADED-A12DA34018D8}.Debug|Any CPU.ActiveCfg = Debug|Any CPU
		{25E28BA0-789D-4824-ADED-A12DA34018D8}.Debug|Any CPU.Build.0 = Debug|Any CPU
		{25E28BA0-789D-4824-ADED-A12DA34018D8}.Release|Any CPU.ActiveCfg = Release|Any CPU
		{25E28BA0-789D-4824-ADED-A12DA34018D8}.Release|Any CPU.Build.0 = Release|Any CPU
		{FE06963D-6D2B-4ADE-BA48-322ECBE1EDE0}.Debug|Any CPU.ActiveCfg = Debug|Any CPU
		{FE06963D-6D2B-4ADE-BA48-322ECBE1EDE0}.Debug|Any CPU.Build.0 = Debug|Any CPU
		{FE06963D-6D2B-4ADE-BA48-322ECBE1EDE0}.Release|Any CPU.ActiveCfg = Release|Any CPU
		{FE06963D-6D2B-4ADE-BA48-322ECBE1EDE0}.Release|Any CPU.Build.0 = Release|Any CPU
	EndGlobalSection
EndGlobal
